
Microsoft Visual Studio Solution File, Format Version 12.00
Project("{FAE04EC0-301F-11D3-BF4B-00C04F79EFBC}") = "TenderScraper", "TenderScraper\TenderScraper.csproj", "{F7249DD8-5BC7-47E2-B4A7-960E8071C2E4}"
EndProject
Global
	GlobalSection(SolutionConfigurationPlatforms) = preSolution
		Debug|Any CPU = Debug|Any CPU
		Release|Any CPU = Release|Any CPU
	EndGlobalSection
	GlobalSection(ProjectConfigurationPlatforms) = postSolution
		{F7249DD8-5BC7-47E2-B4A7-960E8071C2E4}.Debug|Any CPU.ActiveCfg = Debug|Any CPU
		{F7249DD8-5BC7-47E2-B4A7-960E8071C2E4}.Debug|Any CPU.Build.0 = Debug|Any CPU
		{F7249DD8-5BC7-47E2-B4A7-960E8071C2E4}.Release|Any CPU.ActiveCfg = Release|Any CPU
		{F7249DD8-5BC7-47E2-B4A7-960E8071C2E4}.Release|Any CPU.Build.0 = Release|Any CPU
	EndGlobalSection
EndGlobal
